// !$*UTF8*$!
{
	archiveVersion = 1;
	classes = {
	};
	objectVersion = 46;
	objects = {

/* Begin PBXBuildFile section */
		37C69EFC1ED68F7C00531ED3 /* AppDelegate.m in Sources */ = {isa = PBXBuildFile; fileRef = 37C69EF21ED68F7C00531ED3 /* AppDelegate.m */; };
		37C69EFD1ED68F7C00531ED3 /* Info.plist in Resources */ = {isa = PBXBuildFile; fileRef = 37C69EF31ED68F7C00531ED3 /* Info.plist */; };
		37C69EFE1ED68F7C00531ED3 /* main.m in Sources */ = {isa = PBXBuildFile; fileRef = 37C69EF61ED68F7C00531ED3 /* main.m */; };
		37C69EFF1ED68F7C00531ED3 /* CCPlayViewController.m in Sources */ = {isa = PBXBuildFile; fileRef = 37C69EFB1ED68F7C00531ED3 /* CCPlayViewController.m */; };
		37C69F441ED68F8400531ED3 /* CCCommonDefine.m in Sources */ = {isa = PBXBuildFile; fileRef = 37C69F031ED68F8400531ED3 /* CCCommonDefine.m */; };
		37C69F451ED68F8400531ED3 /* CCRecordViewController.m in Sources */ = {isa = PBXBuildFile; fileRef = 37C69F071ED68F8400531ED3 /* CCRecordViewController.m */; };
		37C69F461ED68F8400531ED3 /* CCRecordViewController.xib in Resources */ = {isa = PBXBuildFile; fileRef = 37C69F081ED68F8400531ED3 /* CCRecordViewController.xib */; };
		37C69F471ED68F8400531ED3 /* Assets.xcassets in Resources */ = {isa = PBXBuildFile; fileRef = 37C69F0A1ED68F8400531ED3 /* Assets.xcassets */; };
		37C69F481ED68F8400531ED3 /* Launch Screen.storyboard in Resources */ = {isa = PBXBuildFile; fileRef = 37C69F0B1ED68F8400531ED3 /* Launch Screen.storyboard */; };
		37C69F491ED68F8400531ED3 /* vedio_nav_btn_back_nor.png in Resources */ = {isa = PBXBuildFile; fileRef = 37C69F0C1ED68F8400531ED3 /* vedio_nav_btn_back_nor.png */; };
		37C69F4A1ED68F8400531ED3 /* vedio_nav_btn_back_nor@2x.png in Resources */ = {isa = PBXBuildFile; fileRef = 37C69F0D1ED68F8400531ED3 /* vedio_nav_btn_back_nor@2x.png */; };
		37C69F4B1ED68F8400531ED3 /* vedio_nav_btn_back_pre.png in Resources */ = {isa = PBXBuildFile; fileRef = 37C69F0E1ED68F8400531ED3 /* vedio_nav_btn_back_pre.png */; };
		37C69F4C1ED68F8400531ED3 /* vedio_nav_btn_back_pre@2x.png in Resources */ = {isa = PBXBuildFile; fileRef = 37C69F0F1ED68F8400531ED3 /* vedio_nav_btn_back_pre@2x.png */; };
		37C69F4D1ED68F8400531ED3 /* video_icon.png in Resources */ = {isa = PBXBuildFile; fileRef = 37C69F101ED68F8400531ED3 /* video_icon.png */; };
		37C69F4E1ED68F8400531ED3 /* video_icon@2x.png in Resources */ = {isa = PBXBuildFile; fileRef = 37C69F111ED68F8400531ED3 /* video_icon@2x.png */; };
		37C69F4F1ED68F8400531ED3 /* CCRecordProgressBar.m in Sources */ = {isa = PBXBuildFile; fileRef = 37C69F151ED68F8400531ED3 /* CCRecordProgressBar.m */; };
		37C69F501ED68F8400531ED3 /* CCFileManager.m in Sources */ = {isa = PBXBuildFile; fileRef = 37C69F181ED68F8400531ED3 /* CCFileManager.m */; };
		37C69F511ED68F8400531ED3 /* UIView+CCRecordToolsKit.m in Sources */ = {isa = PBXBuildFile; fileRef = 37C69F1A1ED68F8400531ED3 /* UIView+CCRecordToolsKit.m */; };
		37C69F521ED68F8400531ED3 /* CCRecorderHandler.m in Sources */ = {isa = PBXBuildFile; fileRef = 37C69F1D1ED68F8400531ED3 /* CCRecorderHandler.m */; };
		37C69F531ED68F8400531ED3 /* GLProgram.m in Sources */ = {isa = PBXBuildFile; fileRef = 37C69F221ED68F8400531ED3 /* GLProgram.m */; };
		37C69F541ED68F8400531ED3 /* GPUImageColorConversion.m in Sources */ = {isa = PBXBuildFile; fileRef = 37C69F241ED68F8400531ED3 /* GPUImageColorConversion.m */; };
		37C69F551ED68F8400531ED3 /* GPUImageContext.m in Sources */ = {isa = PBXBuildFile; fileRef = 37C69F261ED68F8400531ED3 /* GPUImageContext.m */; };
		37C69F561ED68F8400531ED3 /* GPUImageFramebuffer.m in Sources */ = {isa = PBXBuildFile; fileRef = 37C69F281ED68F8400531ED3 /* GPUImageFramebuffer.m */; };
		37C69F571ED68F8400531ED3 /* GPUImageFramebufferCache.m in Sources */ = {isa = PBXBuildFile; fileRef = 37C69F2A1ED68F8400531ED3 /* GPUImageFramebufferCache.m */; };
		37C69F581ED68F8400531ED3 /* GPUImageMovieWriter.m in Sources */ = {isa = PBXBuildFile; fileRef = 37C69F2D1ED68F8400531ED3 /* GPUImageMovieWriter.m */; };
		37C69F591ED68F8400531ED3 /* GPUImageOutput.m in Sources */ = {isa = PBXBuildFile; fileRef = 37C69F2F1ED68F8400531ED3 /* GPUImageOutput.m */; };
		37C69F5A1ED68F8400531ED3 /* GPUImagePicture.m in Sources */ = {isa = PBXBuildFile; fileRef = 37C69F311ED68F8400531ED3 /* GPUImagePicture.m */; };
		37C69F5B1ED68F8400531ED3 /* GPUImageVideoCamera.m in Sources */ = {isa = PBXBuildFile; fileRef = 37C69F331ED68F8400531ED3 /* GPUImageVideoCamera.m */; };
		37C69F5C1ED68F8400531ED3 /* GPUImageView.m in Sources */ = {isa = PBXBuildFile; fileRef = 37C69F351ED68F8400531ED3 /* GPUImageView.m */; };
		37C69F5D1ED68F8400531ED3 /* GPUImageBilateralFilter.m in Sources */ = {isa = PBXBuildFile; fileRef = 37C69F381ED68F8400531ED3 /* GPUImageBilateralFilter.m */; };
		37C69F5E1ED68F8400531ED3 /* GPUImageFilter.m in Sources */ = {isa = PBXBuildFile; fileRef = 37C69F3A1ED68F8400531ED3 /* GPUImageFilter.m */; };
		37C69F5F1ED68F8400531ED3 /* GPUImageFilterGroup.m in Sources */ = {isa = PBXBuildFile; fileRef = 37C69F3C1ED68F8400531ED3 /* GPUImageFilterGroup.m */; };
		37C69F601ED68F8400531ED3 /* GPUImageGaussianBlurFilter.m in Sources */ = {isa = PBXBuildFile; fileRef = 37C69F3E1ED68F8400531ED3 /* GPUImageGaussianBlurFilter.m */; };
		37C69F611ED68F8400531ED3 /* GPUImageTwoPassFilter.m in Sources */ = {isa = PBXBuildFile; fileRef = 37C69F401ED68F8400531ED3 /* GPUImageTwoPassFilter.m */; };
		37C69F621ED68F8400531ED3 /* GPUImageTwoPassTextureSamplingFilter.m in Sources */ = {isa = PBXBuildFile; fileRef = 37C69F421ED68F8400531ED3 /* GPUImageTwoPassTextureSamplingFilter.m */; };
/* End PBXBuildFile section */

/* Begin PBXFileReference section */
		378500D91D40CE71002A6A23 /* CCRecorder.app */ = {isa = PBXFileReference; explicitFileType = wrapper.application; includeInIndex = 0; path = CCRecorder.app; sourceTree = BUILT_PRODUCTS_DIR; };
		37C69EF11ED68F7C00531ED3 /* AppDelegate.h */ = {isa = PBXFileReference; fileEncoding = 4; lastKnownFileType = sourcecode.c.h; path = AppDelegate.h; sourceTree = "<group>"; };
		37C69EF21ED68F7C00531ED3 /* AppDelegate.m */ = {isa = PBXFileReference; fileEncoding = 4; lastKnownFileType = sourcecode.c.objc; path = AppDelegate.m; sourceTree = "<group>"; };
		37C69EF31ED68F7C00531ED3 /* Info.plist */ = {isa = PBXFileReference; fileEncoding = 4; lastKnownFileType = text.plist.xml; path = Info.plist; sourceTree = "<group>"; };
		37C69EF51ED68F7C00531ED3 /* CCMacro.pch */ = {isa = PBXFileReference; fileEncoding = 4; lastKnownFileType = sourcecode.c.h; path = CCMacro.pch; sourceTree = "<group>"; };
		37C69EF61ED68F7C00531ED3 /* main.m */ = {isa = PBXFileReference; fileEncoding = 4; lastKnownFileType = sourcecode.c.objc; path = main.m; sourceTree = "<group>"; };
		37C69EFA1ED68F7C00531ED3 /* CCPlayViewController.h */ = {isa = PBXFileReference; fileEncoding = 4; lastKnownFileType = sourcecode.c.h; path = CCPlayViewController.h; sourceTree = "<group>"; };
		37C69EFB1ED68F7C00531ED3 /* CCPlayViewController.m */ = {isa = PBXFileReference; fileEncoding = 4; lastKnownFileType = sourcecode.c.objc; path = CCPlayViewController.m; sourceTree = "<group>"; };
		37C69F021ED68F8400531ED3 /* CCCommonDefine.h */ = {isa = PBXFileReference; fileEncoding = 4; lastKnownFileType = sourcecode.c.h; path = CCCommonDefine.h; sourceTree = "<group>"; };
		37C69F031ED68F8400531ED3 /* CCCommonDefine.m */ = {isa = PBXFileReference; fileEncoding = 4; lastKnownFileType = sourcecode.c.objc; path = CCCommonDefine.m; sourceTree = "<group>"; };
		37C69F061ED68F8400531ED3 /* CCRecordViewController.h */ = {isa = PBXFileReference; fileEncoding = 4; lastKnownFileType = sourcecode.c.h; path = CCRecordViewController.h; sourceTree = "<group>"; };
		37C69F071ED68F8400531ED3 /* CCRecordViewController.m */ = {isa = PBXFileReference; fileEncoding = 4; lastKnownFileType = sourcecode.c.objc; path = CCRecordViewController.m; sourceTree = "<group>"; };
		37C69F081ED68F8400531ED3 /* CCRecordViewController.xib */ = {isa = PBXFileReference; fileEncoding = 4; lastKnownFileType = file.xib; path = CCRecordViewController.xib; sourceTree = "<group>"; };
		37C69F0A1ED68F8400531ED3 /* Assets.xcassets */ = {isa = PBXFileReference; lastKnownFileType = folder.assetcatalog; path = Assets.xcassets; sourceTree = "<group>"; };
		37C69F0B1ED68F8400531ED3 /* Launch Screen.storyboard */ = {isa = PBXFileReference; fileEncoding = 4; lastKnownFileType = file.storyboard; path = "Launch Screen.storyboard"; sourceTree = "<group>"; };
		37C69F0C1ED68F8400531ED3 /* vedio_nav_btn_back_nor.png */ = {isa = PBXFileReference; lastKnownFileType = image.png; path = vedio_nav_btn_back_nor.png; sourceTree = "<group>"; };
		37C69F0D1ED68F8400531ED3 /* vedio_nav_btn_back_nor@2x.png */ = {isa = PBXFileReference; lastKnownFileType = image.png; path = "vedio_nav_btn_back_nor@2x.png"; sourceTree = "<group>"; };
		37C69F0E1ED68F8400531ED3 /* vedio_nav_btn_back_pre.png */ = {isa = PBXFileReference; lastKnownFileType = image.png; path = vedio_nav_btn_back_pre.png; sourceTree = "<group>"; };
		37C69F0F1ED68F8400531ED3 /* vedio_nav_btn_back_pre@2x.png */ = {isa = PBXFileReference; lastKnownFileType = image.png; path = "vedio_nav_btn_back_pre@2x.png"; sourceTree = "<group>"; };
		37C69F101ED68F8400531ED3 /* video_icon.png */ = {isa = PBXFileReference; lastKnownFileType = image.png; path = video_icon.png; sourceTree = "<group>"; };
		37C69F111ED68F8400531ED3 /* video_icon@2x.png */ = {isa = PBXFileReference; lastKnownFileType = image.png; path = "video_icon@2x.png"; sourceTree = "<group>"; };
		37C69F141ED68F8400531ED3 /* CCRecordProgressBar.h */ = {isa = PBXFileReference; fileEncoding = 4; lastKnownFileType = sourcecode.c.h; path = CCRecordProgressBar.h; sourceTree = "<group>"; };
		37C69F151ED68F8400531ED3 /* CCRecordProgressBar.m */ = {isa = PBXFileReference; fileEncoding = 4; lastKnownFileType = sourcecode.c.objc; path = CCRecordProgressBar.m; sourceTree = "<group>"; };
		37C69F171ED68F8400531ED3 /* CCFileManager.h */ = {isa = PBXFileReference; fileEncoding = 4; lastKnownFileType = sourcecode.c.h; path = CCFileManager.h; sourceTree = "<group>"; };
		37C69F181ED68F8400531ED3 /* CCFileManager.m */ = {isa = PBXFileReference; fileEncoding = 4; lastKnownFileType = sourcecode.c.objc; path = CCFileManager.m; sourceTree = "<group>"; };
		37C69F191ED68F8400531ED3 /* UIView+CCRecordToolsKit.h */ = {isa = PBXFileReference; fileEncoding = 4; lastKnownFileType = sourcecode.c.h; path = "UIView+CCRecordToolsKit.h"; sourceTree = "<group>"; };
		37C69F1A1ED68F8400531ED3 /* UIView+CCRecordToolsKit.m */ = {isa = PBXFileReference; fileEncoding = 4; lastKnownFileType = sourcecode.c.objc; path = "UIView+CCRecordToolsKit.m"; sourceTree = "<group>"; };
		37C69F1C1ED68F8400531ED3 /* CCRecorderHandler.h */ = {isa = PBXFileReference; fileEncoding = 4; lastKnownFileType = sourcecode.c.h; path = CCRecorderHandler.h; sourceTree = "<group>"; };
		37C69F1D1ED68F8400531ED3 /* CCRecorderHandler.m */ = {isa = PBXFileReference; fileEncoding = 4; lastKnownFileType = sourcecode.c.objc; path = CCRecorderHandler.m; sourceTree = "<group>"; };
		37C69F211ED68F8400531ED3 /* GLProgram.h */ = {isa = PBXFileReference; fileEncoding = 4; lastKnownFileType = sourcecode.c.h; path = GLProgram.h; sourceTree = "<group>"; };
		37C69F221ED68F8400531ED3 /* GLProgram.m */ = {isa = PBXFileReference; fileEncoding = 4; lastKnownFileType = sourcecode.c.objc; path = GLProgram.m; sourceTree = "<group>"; };
		37C69F231ED68F8400531ED3 /* GPUImageColorConversion.h */ = {isa = PBXFileReference; fileEncoding = 4; lastKnownFileType = sourcecode.c.h; path = GPUImageColorConversion.h; sourceTree = "<group>"; };
		37C69F241ED68F8400531ED3 /* GPUImageColorConversion.m */ = {isa = PBXFileReference; fileEncoding = 4; lastKnownFileType = sourcecode.c.objc; path = GPUImageColorConversion.m; sourceTree = "<group>"; };
		37C69F251ED68F8400531ED3 /* GPUImageContext.h */ = {isa = PBXFileReference; fileEncoding = 4; lastKnownFileType = sourcecode.c.h; path = GPUImageContext.h; sourceTree = "<group>"; };
		37C69F261ED68F8400531ED3 /* GPUImageContext.m */ = {isa = PBXFileReference; fileEncoding = 4; lastKnownFileType = sourcecode.c.objc; path = GPUImageContext.m; sourceTree = "<group>"; };
		37C69F271ED68F8400531ED3 /* GPUImageFramebuffer.h */ = {isa = PBXFileReference; fileEncoding = 4; lastKnownFileType = sourcecode.c.h; path = GPUImageFramebuffer.h; sourceTree = "<group>"; };
		37C69F281ED68F8400531ED3 /* GPUImageFramebuffer.m */ = {isa = PBXFileReference; fileEncoding = 4; lastKnownFileType = sourcecode.c.objc; path = GPUImageFramebuffer.m; sourceTree = "<group>"; };
		37C69F291ED68F8400531ED3 /* GPUImageFramebufferCache.h */ = {isa = PBXFileReference; fileEncoding = 4; lastKnownFileType = sourcecode.c.h; path = GPUImageFramebufferCache.h; sourceTree = "<group>"; };
		37C69F2A1ED68F8400531ED3 /* GPUImageFramebufferCache.m */ = {isa = PBXFileReference; fileEncoding = 4; lastKnownFileType = sourcecode.c.objc; path = GPUImageFramebufferCache.m; sourceTree = "<group>"; };
		37C69F2B1ED68F8400531ED3 /* GPUImageFramework.h */ = {isa = PBXFileReference; fileEncoding = 4; lastKnownFileType = sourcecode.c.h; path = GPUImageFramework.h; sourceTree = "<group>"; };
		37C69F2C1ED68F8400531ED3 /* GPUImageMovieWriter.h */ = {isa = PBXFileReference; fileEncoding = 4; lastKnownFileType = sourcecode.c.h; path = GPUImageMovieWriter.h; sourceTree = "<group>"; };
		37C69F2D1ED68F8400531ED3 /* GPUImageMovieWriter.m */ = {isa = PBXFileReference; fileEncoding = 4; lastKnownFileType = sourcecode.c.objc; path = GPUImageMovieWriter.m; sourceTree = "<group>"; };
		37C69F2E1ED68F8400531ED3 /* GPUImageOutput.h */ = {isa = PBXFileReference; fileEncoding = 4; lastKnownFileType = sourcecode.c.h; path = GPUImageOutput.h; sourceTree = "<group>"; };
		37C69F2F1ED68F8400531ED3 /* GPUImageOutput.m */ = {isa = PBXFileReference; fileEncoding = 4; lastKnownFileType = sourcecode.c.objc; path = GPUImageOutput.m; sourceTree = "<group>"; };
		37C69F301ED68F8400531ED3 /* GPUImagePicture.h */ = {isa = PBXFileReference; fileEncoding = 4; lastKnownFileType = sourcecode.c.h; path = GPUImagePicture.h; sourceTree = "<group>"; };
		37C69F311ED68F8400531ED3 /* GPUImagePicture.m */ = {isa = PBXFileReference; fileEncoding = 4; lastKnownFileType = sourcecode.c.objc; path = GPUImagePicture.m; sourceTree = "<group>"; };
		37C69F321ED68F8400531ED3 /* GPUImageVideoCamera.h */ = {isa = PBXFileReference; fileEncoding = 4; lastKnownFileType = sourcecode.c.h; path = GPUImageVideoCamera.h; sourceTree = "<group>"; };
		37C69F331ED68F8400531ED3 /* GPUImageVideoCamera.m */ = {isa = PBXFileReference; fileEncoding = 4; lastKnownFileType = sourcecode.c.objc; path = GPUImageVideoCamera.m; sourceTree = "<group>"; };
		37C69F341ED68F8400531ED3 /* GPUImageView.h */ = {isa = PBXFileReference; fileEncoding = 4; lastKnownFileType = sourcecode.c.h; path = GPUImageView.h; sourceTree = "<group>"; };
		37C69F351ED68F8400531ED3 /* GPUImageView.m */ = {isa = PBXFileReference; fileEncoding = 4; lastKnownFileType = sourcecode.c.objc; path = GPUImageView.m; sourceTree = "<group>"; };
		37C69F371ED68F8400531ED3 /* GPUImageBilateralFilter.h */ = {isa = PBXFileReference; fileEncoding = 4; lastKnownFileType = sourcecode.c.h; path = GPUImageBilateralFilter.h; sourceTree = "<group>"; };
		37C69F381ED68F8400531ED3 /* GPUImageBilateralFilter.m */ = {isa = PBXFileReference; fileEncoding = 4; lastKnownFileType = sourcecode.c.objc; path = GPUImageBilateralFilter.m; sourceTree = "<group>"; };
		37C69F391ED68F8400531ED3 /* GPUImageFilter.h */ = {isa = PBXFileReference; fileEncoding = 4; lastKnownFileType = sourcecode.c.h; path = GPUImageFilter.h; sourceTree = "<group>"; };
		37C69F3A1ED68F8400531ED3 /* GPUImageFilter.m */ = {isa = PBXFileReference; fileEncoding = 4; lastKnownFileType = sourcecode.c.objc; path = GPUImageFilter.m; sourceTree = "<group>"; };
		37C69F3B1ED68F8400531ED3 /* GPUImageFilterGroup.h */ = {isa = PBXFileReference; fileEncoding = 4; lastKnownFileType = sourcecode.c.h; path = GPUImageFilterGroup.h; sourceTree = "<group>"; };
		37C69F3C1ED68F8400531ED3 /* GPUImageFilterGroup.m */ = {isa = PBXFileReference; fileEncoding = 4; lastKnownFileType = sourcecode.c.objc; path = GPUImageFilterGroup.m; sourceTree = "<group>"; };
		37C69F3D1ED68F8400531ED3 /* GPUImageGaussianBlurFilter.h */ = {isa = PBXFileReference; fileEncoding = 4; lastKnownFileType = sourcecode.c.h; path = GPUImageGaussianBlurFilter.h; sourceTree = "<group>"; };
		37C69F3E1ED68F8400531ED3 /* GPUImageGaussianBlurFilter.m */ = {isa = PBXFileReference; fileEncoding = 4; lastKnownFileType = sourcecode.c.objc; path = GPUImageGaussianBlurFilter.m; sourceTree = "<group>"; };
		37C69F3F1ED68F8400531ED3 /* GPUImageTwoPassFilter.h */ = {isa = PBXFileReference; fileEncoding = 4; lastKnownFileType = sourcecode.c.h; path = GPUImageTwoPassFilter.h; sourceTree = "<group>"; };
		37C69F401ED68F8400531ED3 /* GPUImageTwoPassFilter.m */ = {isa = PBXFileReference; fileEncoding = 4; lastKnownFileType = sourcecode.c.objc; path = GPUImageTwoPassFilter.m; sourceTree = "<group>"; };
		37C69F411ED68F8400531ED3 /* GPUImageTwoPassTextureSamplingFilter.h */ = {isa = PBXFileReference; fileEncoding = 4; lastKnownFileType = sourcecode.c.h; path = GPUImageTwoPassTextureSamplingFilter.h; sourceTree = "<group>"; };
		37C69F421ED68F8400531ED3 /* GPUImageTwoPassTextureSamplingFilter.m */ = {isa = PBXFileReference; fileEncoding = 4; lastKnownFileType = sourcecode.c.objc; path = GPUImageTwoPassTextureSamplingFilter.m; sourceTree = "<group>"; };
		37C69F431ED68F8400531ED3 /* GPUImage.h */ = {isa = PBXFileReference; fileEncoding = 4; lastKnownFileType = sourcecode.c.h; path = GPUImage.h; sourceTree = "<group>"; };
/* End PBXFileReference section */

/* Begin PBXFrameworksBuildPhase section */
		378500D61D40CE71002A6A23 /* Frameworks */ = {
			isa = PBXFrameworksBuildPhase;
			buildActionMask = 2147483647;
			files = (
			);
			runOnlyForDeploymentPostprocessing = 0;
		};
/* End PBXFrameworksBuildPhase section */

/* Begin PBXGroup section */
		378500D01D40CE71002A6A23 = {
			isa = PBXGroup;
			children = (
				37C69EEF1ED68F7C00531ED3 /* CCRecorder */,
				378500DA1D40CE71002A6A23 /* Products */,
			);
			sourceTree = "<group>";
		};
		378500DA1D40CE71002A6A23 /* Products */ = {
			isa = PBXGroup;
			children = (
				378500D91D40CE71002A6A23 /* CCRecorder.app */,
			);
			name = Products;
			sourceTree = "<group>";
		};
		37C69EEF1ED68F7C00531ED3 /* CCRecorder */ = {
			isa = PBXGroup;
			children = (
				37C69F001ED68F8400531ED3 /* CCRecorderLibrary */,
				37C69EF01ED68F7C00531ED3 /* AppDelegate */,
				37C69EF31ED68F7C00531ED3 /* Info.plist */,
				37C69EF41ED68F7C00531ED3 /* Macro */,
				37C69EF61ED68F7C00531ED3 /* main.m */,
				37C69EF71ED68F7C00531ED3 /* Modules */,
			);
			path = CCRecorder;
			sourceTree = "<group>";
		};
		37C69EF01ED68F7C00531ED3 /* AppDelegate */ = {
			isa = PBXGroup;
			children = (
				37C69EF11ED68F7C00531ED3 /* AppDelegate.h */,
				37C69EF21ED68F7C00531ED3 /* AppDelegate.m */,
			);
			path = AppDelegate;
			sourceTree = "<group>";
		};
		37C69EF41ED68F7C00531ED3 /* Macro */ = {
			isa = PBXGroup;
			children = (
				37C69EF51ED68F7C00531ED3 /* CCMacro.pch */,
			);
			path = Macro;
			sourceTree = "<group>";
		};
		37C69EF71ED68F7C00531ED3 /* Modules */ = {
			isa = PBXGroup;
			children = (
				37C69EF81ED68F7C00531ED3 /* Controllers + Views */,
			);
			path = Modules;
			sourceTree = "<group>";
		};
		37C69EF81ED68F7C00531ED3 /* Controllers + Views */ = {
			isa = PBXGroup;
			children = (
				37C69EF91ED68F7C00531ED3 /* Play */,
			);
			path = "Controllers + Views";
			sourceTree = "<group>";
		};
		37C69EF91ED68F7C00531ED3 /* Play */ = {
			isa = PBXGroup;
			children = (
				37C69EFA1ED68F7C00531ED3 /* CCPlayViewController.h */,
				37C69EFB1ED68F7C00531ED3 /* CCPlayViewController.m */,
			);
			path = Play;
			sourceTree = "<group>";
		};
		37C69F001ED68F8400531ED3 /* CCRecorderLibrary */ = {
			isa = PBXGroup;
			children = (
				37C69F011ED68F8400531ED3 /* Define */,
				37C69F041ED68F8400531ED3 /* Modules */,
				37C69F091ED68F8400531ED3 /* Resources */,
				37C69F121ED68F8400531ED3 /* Tools */,
				37C69F1E1ED68F8400531ED3 /* Vendors */,
			);
			path = CCRecorderLibrary;
			sourceTree = SOURCE_ROOT;
		};
		37C69F011ED68F8400531ED3 /* Define */ = {
			isa = PBXGroup;
			children = (
				37C69F021ED68F8400531ED3 /* CCCommonDefine.h */,
				37C69F031ED68F8400531ED3 /* CCCommonDefine.m */,
			);
			path = Define;
			sourceTree = "<group>";
		};
		37C69F041ED68F8400531ED3 /* Modules */ = {
			isa = PBXGroup;
			children = (
				37C69F051ED68F8400531ED3 /* Main */,
			);
			path = Modules;
			sourceTree = "<group>";
		};
		37C69F051ED68F8400531ED3 /* Main */ = {
			isa = PBXGroup;
			children = (
				37C69F061ED68F8400531ED3 /* CCRecordViewController.h */,
				37C69F071ED68F8400531ED3 /* CCRecordViewController.m */,
				37C69F081ED68F8400531ED3 /* CCRecordViewController.xib */,
			);
			path = Main;
			sourceTree = "<group>";
		};
		37C69F091ED68F8400531ED3 /* Resources */ = {
			isa = PBXGroup;
			children = (
				37C69F0A1ED68F8400531ED3 /* Assets.xcassets */,
				37C69F0B1ED68F8400531ED3 /* Launch Screen.storyboard */,
				37C69F0C1ED68F8400531ED3 /* vedio_nav_btn_back_nor.png */,
				37C69F0D1ED68F8400531ED3 /* vedio_nav_btn_back_nor@2x.png */,
				37C69F0E1ED68F8400531ED3 /* vedio_nav_btn_back_pre.png */,
				37C69F0F1ED68F8400531ED3 /* vedio_nav_btn_back_pre@2x.png */,
				37C69F101ED68F8400531ED3 /* video_icon.png */,
				37C69F111ED68F8400531ED3 /* video_icon@2x.png */,
			);
			path = Resources;
			sourceTree = "<group>";
		};
		37C69F121ED68F8400531ED3 /* Tools */ = {
			isa = PBXGroup;
			children = (
				37C69F131ED68F8400531ED3 /* CCRecordProgressBar */,
				37C69F161ED68F8400531ED3 /* CCRecordToolsKit */,
				37C69F1B1ED68F8400531ED3 /* RecorderHandler */,
			);
			path = Tools;
			sourceTree = "<group>";
		};
		37C69F131ED68F8400531ED3 /* CCRecordProgressBar */ = {
			isa = PBXGroup;
			children = (
				37C69F141ED68F8400531ED3 /* CCRecordProgressBar.h */,
				37C69F151ED68F8400531ED3 /* CCRecordProgressBar.m */,
			);
			path = CCRecordProgressBar;
			sourceTree = "<group>";
		};
		37C69F161ED68F8400531ED3 /* CCRecordToolsKit */ = {
			isa = PBXGroup;
			children = (
				37C69F171ED68F8400531ED3 /* CCFileManager.h */,
				37C69F181ED68F8400531ED3 /* CCFileManager.m */,
				37C69F191ED68F8400531ED3 /* UIView+CCRecordToolsKit.h */,
				37C69F1A1ED68F8400531ED3 /* UIView+CCRecordToolsKit.m */,
			);
			path = CCRecordToolsKit;
			sourceTree = "<group>";
		};
		37C69F1B1ED68F8400531ED3 /* RecorderHandler */ = {
			isa = PBXGroup;
			children = (
				37C69F1C1ED68F8400531ED3 /* CCRecorderHandler.h */,
				37C69F1D1ED68F8400531ED3 /* CCRecorderHandler.m */,
			);
			path = RecorderHandler;
			sourceTree = "<group>";
		};
		37C69F1E1ED68F8400531ED3 /* Vendors */ = {
			isa = PBXGroup;
			children = (
				37C69F1F1ED68F8400531ED3 /* Sources */,
			);
			path = Vendors;
			sourceTree = "<group>";
		};
		37C69F1F1ED68F8400531ED3 /* Sources */ = {
			isa = PBXGroup;
			children = (
				37C69F201ED68F8400531ED3 /* Base */,
				37C69F361ED68F8400531ED3 /* Filter */,
				37C69F431ED68F8400531ED3 /* GPUImage.h */,
			);
			path = Sources;
			sourceTree = "<group>";
		};
		37C69F201ED68F8400531ED3 /* Base */ = {
			isa = PBXGroup;
			children = (
				37C69F211ED68F8400531ED3 /* GLProgram.h */,
				37C69F221ED68F8400531ED3 /* GLProgram.m */,
				37C69F231ED68F8400531ED3 /* GPUImageColorConversion.h */,
				37C69F241ED68F8400531ED3 /* GPUImageColorConversion.m */,
				37C69F251ED68F8400531ED3 /* GPUImageContext.h */,
				37C69F261ED68F8400531ED3 /* GPUImageContext.m */,
				37C69F271ED68F8400531ED3 /* GPUImageFramebuffer.h */,
				37C69F281ED68F8400531ED3 /* GPUImageFramebuffer.m */,
				37C69F291ED68F8400531ED3 /* GPUImageFramebufferCache.h */,
				37C69F2A1ED68F8400531ED3 /* GPUImageFramebufferCache.m */,
				37C69F2B1ED68F8400531ED3 /* GPUImageFramework.h */,
				37C69F2C1ED68F8400531ED3 /* GPUImageMovieWriter.h */,
				37C69F2D1ED68F8400531ED3 /* GPUImageMovieWriter.m */,
				37C69F2E1ED68F8400531ED3 /* GPUImageOutput.h */,
				37C69F2F1ED68F8400531ED3 /* GPUImageOutput.m */,
				37C69F301ED68F8400531ED3 /* GPUImagePicture.h */,
				37C69F311ED68F8400531ED3 /* GPUImagePicture.m */,
				37C69F321ED68F8400531ED3 /* GPUImageVideoCamera.h */,
				37C69F331ED68F8400531ED3 /* GPUImageVideoCamera.m */,
				37C69F341ED68F8400531ED3 /* GPUImageView.h */,
				37C69F351ED68F8400531ED3 /* GPUImageView.m */,
			);
			path = Base;
			sourceTree = "<group>";
		};
		37C69F361ED68F8400531ED3 /* Filter */ = {
			isa = PBXGroup;
			children = (
				37C69F371ED68F8400531ED3 /* GPUImageBilateralFilter.h */,
				37C69F381ED68F8400531ED3 /* GPUImageBilateralFilter.m */,
				37C69F391ED68F8400531ED3 /* GPUImageFilter.h */,
				37C69F3A1ED68F8400531ED3 /* GPUImageFilter.m */,
				37C69F3B1ED68F8400531ED3 /* GPUImageFilterGroup.h */,
				37C69F3C1ED68F8400531ED3 /* GPUImageFilterGroup.m */,
				37C69F3D1ED68F8400531ED3 /* GPUImageGaussianBlurFilter.h */,
				37C69F3E1ED68F8400531ED3 /* GPUImageGaussianBlurFilter.m */,
				37C69F3F1ED68F8400531ED3 /* GPUImageTwoPassFilter.h */,
				37C69F401ED68F8400531ED3 /* GPUImageTwoPassFilter.m */,
				37C69F411ED68F8400531ED3 /* GPUImageTwoPassTextureSamplingFilter.h */,
				37C69F421ED68F8400531ED3 /* GPUImageTwoPassTextureSamplingFilter.m */,
			);
			path = Filter;
			sourceTree = "<group>";
		};
/* End PBXGroup section */

/* Begin PBXNativeTarget section */
		378500D81D40CE71002A6A23 /* CCRecorder */ = {
			isa = PBXNativeTarget;
			buildConfigurationList = 378500F01D40CE71002A6A23 /* Build configuration list for PBXNativeTarget "CCRecorder" */;
			buildPhases = (
				378500D51D40CE71002A6A23 /* Sources */,
				378500D61D40CE71002A6A23 /* Frameworks */,
				378500D71D40CE71002A6A23 /* Resources */,
			);
			buildRules = (
			);
			dependencies = (
			);
			name = CCRecorder;
			productName = CCRecorder;
			productReference = 378500D91D40CE71002A6A23 /* CCRecorder.app */;
			productType = "com.apple.product-type.application";
		};
/* End PBXNativeTarget section */

/* Begin PBXProject section */
		378500D11D40CE71002A6A23 /* Project object */ = {
			isa = PBXProject;
			attributes = {
				CLASSPREFIX = CC;
				LastUpgradeCheck = 0720;
				ORGANIZATIONNAME = "冯明庆";
				TargetAttributes = {
					378500D81D40CE71002A6A23 = {
						CreatedOnToolsVersion = 7.2.1;
						DevelopmentTeam = 65LBP5FYZB;
					};
				};
			};
			buildConfigurationList = 378500D41D40CE71002A6A23 /* Build configuration list for PBXProject "CCRecorder" */;
			compatibilityVersion = "Xcode 3.2";
			developmentRegion = English;
			hasScannedForEncodings = 0;
			knownRegions = (
				en,
				Base,
			);
			mainGroup = 378500D01D40CE71002A6A23;
			productRefGroup = 378500DA1D40CE71002A6A23 /* Products */;
			projectDirPath = "";
			projectRoot = "";
			targets = (
				378500D81D40CE71002A6A23 /* CCRecorder */,
			);
		};
/* End PBXProject section */

/* Begin PBXResourcesBuildPhase section */
		378500D71D40CE71002A6A23 /* Resources */ = {
			isa = PBXResourcesBuildPhase;
			buildActionMask = 2147483647;
			files = (
				37C69EFD1ED68F7C00531ED3 /* Info.plist in Resources */,
				37C69F491ED68F8400531ED3 /* vedio_nav_btn_back_nor.png in Resources */,
				37C69F4B1ED68F8400531ED3 /* vedio_nav_btn_back_pre.png in Resources */,
				37C69F4A1ED68F8400531ED3 /* vedio_nav_btn_back_nor@2x.png in Resources */,
				37C69F4D1ED68F8400531ED3 /* video_icon.png in Resources */,
				37C69F4E1ED68F8400531ED3 /* video_icon@2x.png in Resources */,
				37C69F471ED68F8400531ED3 /* Assets.xcassets in Resources */,
				37C69F481ED68F8400531ED3 /* Launch Screen.storyboard in Resources */,
				37C69F4C1ED68F8400531ED3 /* vedio_nav_btn_back_pre@2x.png in Resources */,
				37C69F461ED68F8400531ED3 /* CCRecordViewController.xib in Resources */,
			);
			runOnlyForDeploymentPostprocessing = 0;
		};
/* End PBXResourcesBuildPhase section */

/* Begin PBXSourcesBuildPhase section */
		378500D51D40CE71002A6A23 /* Sources */ = {
			isa = PBXSourcesBuildPhase;
			buildActionMask = 2147483647;
			files = (
				37C69F611ED68F8400531ED3 /* GPUImageTwoPassFilter.m in Sources */,
				37C69EFE1ED68F7C00531ED3 /* main.m in Sources */,
				37C69F5D1ED68F8400531ED3 /* GPUImageBilateralFilter.m in Sources */,
				37C69F601ED68F8400531ED3 /* GPUImageGaussianBlurFilter.m in Sources */,
				37C69F4F1ED68F8400531ED3 /* CCRecordProgressBar.m in Sources */,
				37C69F441ED68F8400531ED3 /* CCCommonDefine.m in Sources */,
				37C69F5A1ED68F8400531ED3 /* GPUImagePicture.m in Sources */,
				37C69F451ED68F8400531ED3 /* CCRecordViewController.m in Sources */,
				37C69F551ED68F8400531ED3 /* GPUImageContext.m in Sources */,
				37C69EFF1ED68F7C00531ED3 /* CCPlayViewController.m in Sources */,
				37C69F5B1ED68F8400531ED3 /* GPUImageVideoCamera.m in Sources */,
				37C69F521ED68F8400531ED3 /* CCRecorderHandler.m in Sources */,
				37C69F5C1ED68F8400531ED3 /* GPUImageView.m in Sources */,
				37C69F541ED68F8400531ED3 /* GPUImageColorConversion.m in Sources */,
				37C69F501ED68F8400531ED3 /* CCFileManager.m in Sources */,
				37C69F571ED68F8400531ED3 /* GPUImageFramebufferCache.m in Sources */,
				37C69F5E1ED68F8400531ED3 /* GPUImageFilter.m in Sources */,
				37C69F621ED68F8400531ED3 /* GPUImageTwoPassTextureSamplingFilter.m in Sources */,
				37C69F531ED68F8400531ED3 /* GLProgram.m in Sources */,
				37C69F5F1ED68F8400531ED3 /* GPUImageFilterGroup.m in Sources */,
				37C69F591ED68F8400531ED3 /* GPUImageOutput.m in Sources */,
				37C69F511ED68F8400531ED3 /* UIView+CCRecordToolsKit.m in Sources */,
				37C69F581ED68F8400531ED3 /* GPUImageMovieWriter.m in Sources */,
				37C69EFC1ED68F7C00531ED3 /* AppDelegate.m in Sources */,
				37C69F561ED68F8400531ED3 /* GPUImageFramebuffer.m in Sources */,
			);
			runOnlyForDeploymentPostprocessing = 0;
		};
/* End PBXSourcesBuildPhase section */

/* Begin XCBuildConfiguration section */
		378500EE1D40CE71002A6A23 /* Debug */ = {
			isa = XCBuildConfiguration;
			buildSettings = {
				ALWAYS_SEARCH_USER_PATHS = NO;
				CLANG_CXX_LANGUAGE_STANDARD = "gnu++0x";
				CLANG_CXX_LIBRARY = "libc++";
				CLANG_ENABLE_MODULES = YES;
				CLANG_ENABLE_OBJC_ARC = YES;
				CLANG_WARN_BOOL_CONVERSION = YES;
				CLANG_WARN_CONSTANT_CONVERSION = YES;
				CLANG_WARN_DIRECT_OBJC_ISA_USAGE = YES_ERROR;
				CLANG_WARN_EMPTY_BODY = YES;
				CLANG_WARN_ENUM_CONVERSION = YES;
				CLANG_WARN_INT_CONVERSION = YES;
				CLANG_WARN_OBJC_ROOT_CLASS = YES_ERROR;
				CLANG_WARN_UNREACHABLE_CODE = YES;
				CLANG_WARN__DUPLICATE_METHOD_MATCH = YES;
				"CODE_SIGN_IDENTITY[sdk=iphoneos*]" = "iPhone Developer";
				COPY_PHASE_STRIP = NO;
				DEBUG_INFORMATION_FORMAT = dwarf;
				ENABLE_STRICT_OBJC_MSGSEND = YES;
				ENABLE_TESTABILITY = YES;
				GCC_C_LANGUAGE_STANDARD = gnu99;
				GCC_DYNAMIC_NO_PIC = NO;
				GCC_NO_COMMON_BLOCKS = YES;
				GCC_OPTIMIZATION_LEVEL = 0;
				GCC_PREPROCESSOR_DEFINITIONS = (
					"DEBUG=1",
					"$(inherited)",
				);
				GCC_WARN_64_TO_32_BIT_CONVERSION = YES;
				GCC_WARN_ABOUT_RETURN_TYPE = YES_ERROR;
				GCC_WARN_UNDECLARED_SELECTOR = YES;
				GCC_WARN_UNINITIALIZED_AUTOS = YES_AGGRESSIVE;
				GCC_WARN_UNUSED_FUNCTION = YES;
				GCC_WARN_UNUSED_VARIABLE = YES;
				IPHONEOS_DEPLOYMENT_TARGET = 9.2;
				MTL_ENABLE_DEBUG_INFO = YES;
				ONLY_ACTIVE_ARCH = YES;
				SDKROOT = iphoneos;
				TARGETED_DEVICE_FAMILY = "1,2";
			};
			name = Debug;
		};
		378500EF1D40CE71002A6A23 /* Release */ = {
			isa = XCBuildConfiguration;
			buildSettings = {
				ALWAYS_SEARCH_USER_PATHS = NO;
				CLANG_CXX_LANGUAGE_STANDARD = "gnu++0x";
				CLANG_CXX_LIBRARY = "libc++";
				CLANG_ENABLE_MODULES = YES;
				CLANG_ENABLE_OBJC_ARC = YES;
				CLANG_WARN_BOOL_CONVERSION = YES;
				CLANG_WARN_CONSTANT_CONVERSION = YES;
				CLANG_WARN_DIRECT_OBJC_ISA_USAGE = YES_ERROR;
				CLANG_WARN_EMPTY_BODY = YES;
				CLANG_WARN_ENUM_CONVERSION = YES;
				CLANG_WARN_INT_CONVERSION = YES;
				CLANG_WARN_OBJC_ROOT_CLASS = YES_ERROR;
				CLANG_WARN_UNREACHABLE_CODE = YES;
				CLANG_WARN__DUPLICATE_METHOD_MATCH = YES;
				"CODE_SIGN_IDENTITY[sdk=iphoneos*]" = "iPhone Developer";
				COPY_PHASE_STRIP = NO;
				DEBUG_INFORMATION_FORMAT = "dwarf-with-dsym";
				ENABLE_NS_ASSERTIONS = NO;
				ENABLE_STRICT_OBJC_MSGSEND = YES;
				GCC_C_LANGUAGE_STANDARD = gnu99;
				GCC_NO_COMMON_BLOCKS = YES;
				GCC_WARN_64_TO_32_BIT_CONVERSION = YES;
				GCC_WARN_ABOUT_RETURN_TYPE = YES_ERROR;
				GCC_WARN_UNDECLARED_SELECTOR = YES;
				GCC_WARN_UNINITIALIZED_AUTOS = YES_AGGRESSIVE;
				GCC_WARN_UNUSED_FUNCTION = YES;
				GCC_WARN_UNUSED_VARIABLE = YES;
				IPHONEOS_DEPLOYMENT_TARGET = 9.2;
				MTL_ENABLE_DEBUG_INFO = NO;
				SDKROOT = iphoneos;
				TARGETED_DEVICE_FAMILY = "1,2";
				VALIDATE_PRODUCT = YES;
			};
			name = Release;
		};
		378500F11D40CE71002A6A23 /* Debug */ = {
			isa = XCBuildConfiguration;
			buildSettings = {
				ASSETCATALOG_COMPILER_APPICON_NAME = AppIcon;
				CODE_SIGN_IDENTITY = "iPhone Developer";
				"CODE_SIGN_IDENTITY[sdk=iphoneos*]" = "iPhone Developer";
				DEVELOPMENT_TEAM = 65LBP5FYZB;
				GCC_PRECOMPILE_PREFIX_HEADER = YES;
				GCC_PREFIX_HEADER = "";
				INFOPLIST_FILE = CCRecorder/Info.plist;
				IPHONEOS_DEPLOYMENT_TARGET = 8.0;
				LD_RUNPATH_SEARCH_PATHS = "$(inherited) @executable_path/Frameworks";
				PRODUCT_BUNDLE_IDENTIFIER = ElwinFrederick.CCRecorder.ELL;
				PRODUCT_NAME = "$(TARGET_NAME)";
				PROVISIONING_PROFILE = "";
			};
			name = Debug;
		};
		378500F21D40CE71002A6A23 /* Release */ = {
			isa = XCBuildConfiguration;
			buildSettings = {
				ASSETCATALOG_COMPILER_APPICON_NAME = AppIcon;
				CODE_SIGN_IDENTITY = "iPhone Developer";
				"CODE_SIGN_IDENTITY[sdk=iphoneos*]" = "iPhone Developer";
				DEVELOPMENT_TEAM = 65LBP5FYZB;
				GCC_PRECOMPILE_PREFIX_HEADER = YES;
				GCC_PREFIX_HEADER = "";
				INFOPLIST_FILE = CCRecorder/Info.plist;
				IPHONEOS_DEPLOYMENT_TARGET = 8.0;
				LD_RUNPATH_SEARCH_PATHS = "$(inherited) @executable_path/Frameworks";
				PRODUCT_BUNDLE_IDENTIFIER = ElwinFrederick.CCRecorder.ELL;
				PRODUCT_NAME = "$(TARGET_NAME)";
				PROVISIONING_PROFILE = "";
			};
			name = Release;
		};
/* End XCBuildConfiguration section */

/* Begin XCConfigurationList section */
		378500D41D40CE71002A6A23 /* Build configuration list for PBXProject "CCRecorder" */ = {
			isa = XCConfigurationList;
			buildConfigurations = (
				378500EE1D40CE71002A6A23 /* Debug */,
				378500EF1D40CE71002A6A23 /* Release */,
			);
			defaultConfigurationIsVisible = 0;
			defaultConfigurationName = Release;
		};
		378500F01D40CE71002A6A23 /* Build configuration list for PBXNativeTarget "CCRecorder" */ = {
			isa = XCConfigurationList;
			buildConfigurations = (
				378500F11D40CE71002A6A23 /* Debug */,
				378500F21D40CE71002A6A23 /* Release */,
			);
			defaultConfigurationIsVisible = 0;
			defaultConfigurationName = Release;
		};
/* End XCConfigurationList section */
	};
	rootObject = 378500D11D40CE71002A6A23 /* Project object */;
}
